// !$*UTF8*$!
{
	archiveVersion = 1;
	classes = {
	};
	objectVersion = 46;
	objects = {

/* Begin PBXBuildFile section */
		7BBC18571DA2F4BC00E05439 /* AppDelegate.swift in Sources */ = {isa = PBXBuildFile; fileRef = 7BBC18561DA2F4BC00E05439 /* AppDelegate.swift */; };
		7BBC18591DA2F4BC00E05439 /* ViewController.swift in Sources */ = {isa = PBXBuildFile; fileRef = 7BBC18581DA2F4BC00E05439 /* ViewController.swift */; };
		7BBC185C1DA2F4BC00E05439 /* Main.storyboard in Resources */ = {isa = PBXBuildFile; fileRef = 7BBC185A1DA2F4BC00E05439 /* Main.storyboard */; };
		7BBC185E1DA2F4BC00E05439 /* Assets.xcassets in Resources */ = {isa = PBXBuildFile; fileRef = 7BBC185D1DA2F4BC00E05439 /* Assets.xcassets */; };
		7BBC18611DA2F4BC00E05439 /* LaunchScreen.storyboard in Resources */ = {isa = PBXBuildFile; fileRef = 7BBC185F1DA2F4BC00E05439 /* LaunchScreen.storyboard */; };
/* End PBXBuildFile section */

/* Begin PBXFileReference section */
		7BBC18531DA2F4BC00E05439 /* RealTimeDraw.app */ = {isa = PBXFileReference; explicitFileType = wrapper.application; includeInIndex = 0; path = RealTimeDraw.app; sourceTree = BUILT_PRODUCTS_DIR; };
		7BBC18561DA2F4BC00E05439 /* AppDelegate.swift */ = {isa = PBXFileReference; lastKnownFileType = sourcecode.swift; path = AppDelegate.swift; sourceTree = "<group>"; };
		7BBC18581DA2F4BC00E05439 /* ViewController.swift */ = {isa = PBXFileReference; lastKnownFileType = sourcecode.swift; path = ViewController.swift; sourceTree = "<group>"; };
		7BBC185B1DA2F4BC00E05439 /* Base */ = {isa = PBXFileReference; lastKnownFileType = file.storyboard; name = Base; path = Base.lproj/Main.storyboard; sourceTree = "<group>"; };
		7BBC185D1DA2F4BC00E05439 /* Assets.xcassets */ = {isa = PBXFileReference; lastKnownFileType = folder.assetcatalog; path = Assets.xcassets; sourceTree = "<group>"; };
		7BBC18601DA2F4BC00E05439 /* Base */ = {isa = PBXFileReference; lastKnownFileType = file.storyboard; name = Base; path = Base.lproj/LaunchScreen.storyboard; sourceTree = "<group>"; };
		7BBC18621DA2F4BC00E05439 /* Info.plist */ = {isa = PBXFileReference; lastKnownFileType = text.plist.xml; path = Info.plist; sourceTree = "<group>"; };
/* End PBXFileReference section */

/* Begin PBXFrameworksBuildPhase section */
		7BBC18501DA2F4BC00E05439 /* Frameworks */ = {
			isa = PBXFrameworksBuildPhase;
			buildActionMask = 2147483647;
			files = (
			);
			runOnlyForDeploymentPostprocessing = 0;
		};
/* End PBXFrameworksBuildPhase section */

/* Begin PBXGroup section */
		7BBC184A1DA2F4BC00E05439 = {
			isa = PBXGroup;
			children = (
				7BBC18551DA2F4BC00E05439 /* RealTimeDraw */,
				7BBC18541DA2F4BC00E05439 /* Products */,
			);
			sourceTree = "<group>";
		};
		7BBC18541DA2F4BC00E05439 /* Products */ = {
			isa = PBXGroup;
			children = (
				7BBC18531DA2F4BC00E05439 /* RealTimeDraw.app */,
			);
			name = Products;
			sourceTree = "<group>";
		};
		7BBC18551DA2F4BC00E05439 /* RealTimeDraw */ = {
			isa = PBXGroup;
			children = (
				7BBC18561DA2F4BC00E05439 /* AppDelegate.swift */,
				7BBC18581DA2F4BC00E05439 /* ViewController.swift */,
				7BBC185A1DA2F4BC00E05439 /* Main.storyboard */,
				7BBC185D1DA2F4BC00E05439 /* Assets.xcassets */,
				7BBC185F1DA2F4BC00E05439 /* LaunchScreen.storyboard */,
				7BBC18621DA2F4BC00E05439 /* Info.plist */,
			);
			path = RealTimeDraw;
			sourceTree = "<group>";
		};
/* End PBXGroup section */

/* Begin PBXNativeTarget section */
		7BBC18521DA2F4BC00E05439 /* RealTimeDraw */ = {
			isa = PBXNativeTarget;
			buildConfigurationList = 7BBC18651DA2F4BC00E05439 /* Build configuration list for PBXNativeTarget "RealTimeDraw" */;
			buildPhases = (
				7BBC184F1DA2F4BC00E05439 /* Sources */,
				7BBC18501DA2F4BC00E05439 /* Frameworks */,
				7BBC18511DA2F4BC00E05439 /* Resources */,
			);
			buildRules = (
			);
			dependencies = (
			);
			name = RealTimeDraw;
			productName = RealTimeDraw;
			productReference = 7BBC18531DA2F4BC00E05439 /* RealTimeDraw.app */;
			productType = "com.apple.product-type.application";
		};
/* End PBXNativeTarget section */

/* Begin PBXProject section */
		7BBC184B1DA2F4BC00E05439 /* Project object */ = {
			isa = PBXProject;
			attributes = {
				LastSwiftUpdateCheck = 0800;
				LastUpgradeCheck = 0800;
				ORGANIZATIONNAME = "Dan Lindsay";
				TargetAttributes = {
					7BBC18521DA2F4BC00E05439 = {
						CreatedOnToolsVersion = 8.0;
						DevelopmentTeam = 999T2QHS45;
						ProvisioningStyle = Automatic;
					};
				};
			};
			buildConfigurationList = 7BBC184E1DA2F4BC00E05439 /* Build configuration list for PBXProject "RealTimeDraw" */;
			compatibilityVersion = "Xcode 3.2";
			developmentRegion = English;
			hasScannedForEncodings = 0;
			knownRegions = (
				en,
				Base,
			);
			mainGroup = 7BBC184A1DA2F4BC00E05439;
			productRefGroup = 7BBC18541DA2F4BC00E05439 /* Products */;
			projectDirPath = "";
			projectRoot = "";
			targets = (
				7BBC18521DA2F4BC00E05439 /* RealTimeDraw */,
			);
		};
/* End PBXProject section */

/* Begin PBXResourcesBuildPhase section */
		7BBC18511DA2F4BC00E05439 /* Resources */ = {
			isa = PBXResourcesBuildPhase;
			buildActionMask = 2147483647;
			files = (
				7BBC18611DA2F4BC00E05439 /* LaunchScreen.storyboard in Resources */,
				7BBC185E1DA2F4BC00E05439 /* Assets.xcassets in Resources */,
				7BBC185C1DA2F4BC00E05439 /* Main.storyboard in Resources */,
			);
			runOnlyForDeploymentPostprocessing = 0;
		};
/* End PBXResourcesBuildPhase section */

/* Begin PBXSourcesBuildPhase section */
		7BBC184F1DA2F4BC00E05439 /* Sources */ = {
			isa = PBXSourcesBuildPhase;
			buildActionMask = 2147483647;
			files = (
				7BBC18591DA2F4BC00E05439 /* ViewController.swift in Sources */,
				7BBC18571DA2F4BC00E05439 /* AppDelegate.swift in Sources */,
			);
			runOnlyForDeploymentPostprocessing = 0;
		};
/* End PBXSourcesBuildPhase section */

/* Begin PBXVariantGroup section */
		7BBC185A1DA2F4BC00E05439 /* Main.storyboard */ = {
			isa = PBXVariantGroup;
			children = (
				7BBC185B1DA2F4BC00E05439 /* Base */,
			);
			name = Main.storyboard;
			sourceTree = "<group>";
		};
		7BBC185F1DA2F4BC00E05439 /* LaunchScreen.storyboard */ = {
			isa = PBXVariantGroup;
			children = (
				7BBC18601DA2F4BC00E05439 /* Base */,
			);
			name = LaunchScreen.storyboard;
			sourceTree = "<group>";
		};
/* End PBXVariantGroup section */

/* Begin XCBuildConfiguration section */
		7BBC18631DA2F4BC00E05439 /* Debug */ = {
			isa = XCBuildConfiguration;
			buildSettings = {
				ALWAYS_SEARCH_USER_PATHS = NO;
				CLANG_ANALYZER_NONNULL = YES;
				CLANG_CXX_LANGUAGE_STANDARD = "gnu++0x";
				CLANG_CXX_LIBRARY = "libc++";
				CLANG_ENABLE_MODULES = YES;
				CLANG_ENABLE_OBJC_ARC = YES;
				CLANG_WARN_BOOL_CONVERSION = YES;
				CLANG_WARN_CONSTANT_CONVERSION = YES;
				CLANG_WARN_DIRECT_OBJC_ISA_USAGE = YES_ERROR;
				CLANG_WARN_DOCUMENTATION_COMMENTS = YES;
				CLANG_WARN_EMPTY_BODY = YES;
				CLANG_WARN_ENUM_CONVERSION = YES;
				CLANG_WARN_INFINITE_RECURSION = YES;
				CLANG_WARN_INT_CONVERSION = YES;
				CLANG_WARN_OBJC_ROOT_CLASS = YES_ERROR;
				CLANG_WARN_SUSPICIOUS_MOVES = YES;
				CLANG_WARN_UNREACHABLE_CODE = YES;
				CLANG_WARN__DUPLICATE_METHOD_MATCH = YES;
				"CODE_SIGN_IDENTITY[sdk=iphoneos*]" = "iPhone Developer";
				COPY_PHASE_STRIP = NO;
				DEBUG_INFORMATION_FORMAT = dwarf;
				ENABLE_STRICT_OBJC_MSGSEND = YES;
				ENABLE_TESTABILITY = YES;
				GCC_C_LANGUAGE_STANDARD = gnu99;
				GCC_DYNAMIC_NO_PIC = NO;
				GCC_NO_COMMON_BLOCKS = YES;
				GCC_OPTIMIZATION_LEVEL = 0;
				GCC_PREPROCESSOR_DEFINITIONS = (
					"DEBUG=1",
					"$(inherited)",
				);
				GCC_WARN_64_TO_32_BIT_CONVERSION = YES;
				GCC_WARN_ABOUT_RETURN_TYPE = YES_ERROR;
				GCC_WARN_UNDECLARED_SELECTOR = YES;
				GCC_WARN_UNINITIALIZED_AUTOS = YES_AGGRESSIVE;
				GCC_WARN_UNUSED_FUNCTION = YES;
				GCC_WARN_UNUSED_VARIABLE = YES;
				IPHONEOS_DEPLOYMENT_TARGET = 10.0;
				MTL_ENABLE_DEBUG_INFO = YES;
				ONLY_ACTIVE_ARCH = YES;
				SDKROOT = iphoneos;
				SWIFT_ACTIVE_COMPILATION_CONDITIONS = DEBUG;
				SWIFT_OPTIMIZATION_LEVEL = "-Onone";
				TARGETED_DEVICE_FAMILY = "1,2";
			};
			name = Debug;
		};
		7BBC18641DA2F4BC00E05439 /* Release */ = {
			isa = XCBuildConfiguration;
			buildSettings = {
				ALWAYS_SEARCH_USER_PATHS = NO;
				CLANG_ANALYZER_NONNULL = YES;
				CLANG_CXX_LANGUAGE_STANDARD = "gnu++0x";
				CLANG_CXX_LIBRARY = "libc++";
				CLANG_ENABLE_MODULES = YES;
				CLANG_ENABLE_OBJC_ARC = YES;
				CLANG_WARN_BOOL_CONVERSION = YES;
				CLANG_WARN_CONSTANT_CONVERSION = YES;
				CLANG_WARN_DIRECT_OBJC_ISA_USAGE = YES_ERROR;
				CLANG_WARN_DOCUMENTATION_COMMENTS = YES;
				CLANG_WARN_EMPTY_BODY = YES;
				CLANG_WARN_ENUM_CONVERSION = YES;
				CLANG_WARN_INFINITE_RECURSION = YES;
				CLANG_WARN_INT_CONVERSION = YES;
				CLANG_WARN_OBJC_ROOT_CLASS = YES_ERROR;
				CLANG_WARN_SUSPICIOUS_MOVES = YES;
				CLANG_WARN_UNREACHABLE_CODE = YES;
				CLANG_WARN__DUPLICATE_METHOD_MATCH = YES;
				"CODE_SIGN_IDENTITY[sdk=iphoneos*]" = "iPhone Developer";
				COPY_PHASE_STRIP = NO;
				DEBUG_INFORMATION_FORMAT = "dwarf-with-dsym";
				ENABLE_NS_ASSERTIONS = NO;
				ENABLE_STRICT_OBJC_MSGSEND = YES;
				GCC_C_LANGUAGE_STANDARD = gnu99;
				GCC_NO_COMMON_BLOCKS = YES;
				GCC_WARN_64_TO_32_BIT_CONVERSION = YES;
				GCC_WARN_ABOUT_RETURN_TYPE = YES_ERROR;
				GCC_WARN_UNDECLARED_SELECTOR = YES;
				GCC_WARN_UNINITIALIZED_AUTOS = YES_AGGRESSIVE;
				GCC_WARN_UNUSED_FUNCTION = YES;
				GCC_WARN_UNUSED_VARIABLE = YES;
				IPHONEOS_DEPLOYMENT_TARGET = 10.0;
				MTL_ENABLE_DEBUG_INFO = NO;
				SDKROOT = iphoneos;
				SWIFT_OPTIMIZATION_LEVEL = "-Owholemodule";
				TARGETED_DEVICE_FAMILY = "1,2";
				VALIDATE_PRODUCT = YES;
			};
			name = Release;
		};
		7BBC18661DA2F4BC00E05439 /* Debug */ = {
			isa = XCBuildConfiguration;
			buildSettings = {
				ASSETCATALOG_COMPILER_APPICON_NAME = AppIcon;
				DEVELOPMENT_TEAM = 999T2QHS45;
				INFOPLIST_FILE = RealTimeDraw/Info.plist;
				LD_RUNPATH_SEARCH_PATHS = "$(inherited) @executable_path/Frameworks";
				PRODUCT_BUNDLE_IDENTIFIER = com.omnificCondition.RealTimeDraw;
				PRODUCT_NAME = "$(TARGET_NAME)";
				SWIFT_VERSION = 3.0;
			};
			name = Debug;
		};
		7BBC18671DA2F4BC00E05439 /* Release */ = {
			isa = XCBuildConfiguration;
			buildSettings = {
				ASSETCATALOG_COMPILER_APPICON_NAME = AppIcon;
				DEVELOPMENT_TEAM = 999T2QHS45;
				INFOPLIST_FILE = RealTimeDraw/Info.plist;
				LD_RUNPATH_SEARCH_PATHS = "$(inherited) @executable_path/Frameworks";
				PRODUCT_BUNDLE_IDENTIFIER = com.omnificCondition.RealTimeDraw;
				PRODUCT_NAME = "$(TARGET_NAME)";
				SWIFT_VERSION = 3.0;
			};
			name = Release;
		};
/* End XCBuildConfiguration section */

/* Begin XCConfigurationList section */
		7BBC184E1DA2F4BC00E05439 /* Build configuration list for PBXProject "RealTimeDraw" */ = {
			isa = XCConfigurationList;
			buildConfigurations = (
				7BBC18631DA2F4BC00E05439 /* Debug */,
				7BBC18641DA2F4BC00E05439 /* Release */,
			);
			defaultConfigurationIsVisible = 0;
			defaultConfigurationName = Release;
		};
		7BBC18651DA2F4BC00E05439 /* Build configuration list for PBXNativeTarget "RealTimeDraw" */ = {
			isa = XCConfigurationList;
			buildConfigurations = (
				7BBC18661DA2F4BC00E05439 /* Debug */,
				7BBC18671DA2F4BC00E05439 /* Release */,
			);
			defaultConfigurationIsVisible = 0;
		};
/* End XCConfigurationList section */
	};
	rootObject = 7BBC184B1DA2F4BC00E05439 /* Project object */;
}
